// !$*UTF8*$!
{
	archiveVersion = 1;
	classes = {
	};
	objectVersion = 56;
	objects = {

/* Begin PBXBuildFile section */
		APPDELEGATE_ID /* AppDelegate.swift in Sources */ = {isa = PBXBuildFile; fileRef = APPDELEGATE_REF /* AppDelegate.swift */; };
		VIEWCONTROLLER_ID /* ViewController.swift in Sources */ = {isa = PBXBuildFile; fileRef = VIEWCONTROLLER_REF /* ViewController.swift */; };
		SCENEDELEGATE_ID /* SceneDelegate.swift in Sources */ = {isa = PBXBuildFile; fileRef = SCENEDELEGATE_REF /* SceneDelegate.swift */; };
		DOWNLOADMANAGER_ID /* DownloadManager.swift in Sources */ = {isa = PBXBuildFile; fileRef = DOWNLOADMANAGER_REF /* DownloadManager.swift */; };
		DOWNLOADPANEL_ID /* DownloadPanelViewController.swift in Sources */ = {isa = PBXBuildFile; fileRef = DOWNLOADPANEL_REF /* DownloadPanelViewController.swift */; };
		FOURLEVELCACHE_ID /* FourLevelCache.swift in Sources */ = {isa = PBXBuildFile; fileRef = FOURLEVELCACHE_REF /* FourLevelCache.swift */; };
		THIRDPARTY_ID /* ThirdPartyLoginManager.swift in Sources */ = {isa = PBXBuildFile; fileRef = THIRDPARTY_REF /* ThirdPartyLoginManager.swift */; };
		APPPROXY_PROVIDER_BUILD /* AppProxyProvider.swift in Sources */ = {isa = PBXBuildFile; fileRef = APPPROXY_PROVIDER_REF /* AppProxyProvider.swift */; };
		APPPROXY_EMBED /* AppProxyExtension.appex in Embed App Extensions */ = {isa = PBXBuildFile; fileRef = APPPROXY_PRODUCT_REF /* AppProxyExtension.appex */; settings = {ATTRIBUTES = (RemoveHeadersOnCopy, ); }; };
		ASSETS_ID /* Assets.xcassets in Resources */ = {isa = PBXBuildFile; fileRef = ASSETS_REF /* Assets.xcassets */; };
		LAUNCHSCREEN_ID /* LaunchScreen.storyboard in Resources */ = {isa = PBXBuildFile; fileRef = LAUNCHSCREEN_REF /* LaunchScreen.storyboard */; };
/* End PBXBuildFile section */

/* Begin PBXFileReference section */
		APPDELEGATE_REF /* AppDelegate.swift */ = {isa = PBXFileReference; lastKnownFileType = sourcecode.swift; path = AppDelegate.swift; sourceTree = "<group>"; };
		VIEWCONTROLLER_REF /* ViewController.swift */ = {isa = PBXFileReference; lastKnownFileType = sourcecode.swift; path = ViewController.swift; sourceTree = "<group>"; };
		SCENEDELEGATE_REF /* SceneDelegate.swift */ = {isa = PBXFileReference; lastKnownFileType = sourcecode.swift; path = SceneDelegate.swift; sourceTree = "<group>"; };
		DOWNLOADMANAGER_REF /* DownloadManager.swift */ = {isa = PBXFileReference; lastKnownFileType = sourcecode.swift; path = DownloadManager.swift; sourceTree = "<group>"; };
		DOWNLOADPANEL_REF /* DownloadPanelViewController.swift */ = {isa = PBXFileReference; lastKnownFileType = sourcecode.swift; path = DownloadPanelViewController.swift; sourceTree = "<group>"; };
		FOURLEVELCACHE_REF /* FourLevelCache.swift */ = {isa = PBXFileReference; lastKnownFileType = sourcecode.swift; path = FourLevelCache.swift; sourceTree = "<group>"; };
		THIRDPARTY_REF /* ThirdPartyLoginManager.swift */ = {isa = PBXFileReference; lastKnownFileType = sourcecode.swift; path = ThirdPartyLoginManager.swift; sourceTree = "<group>"; };
		ASSETS_REF /* Assets.xcassets */ = {isa = PBXFileReference; lastKnownFileType = folder.assetcatalog; path = Assets.xcassets; sourceTree = "<group>"; };
		LAUNCHSCREEN_REF /* LaunchScreen.storyboard */ = {isa = PBXFileReference; lastKnownFileType = file.storyboard; name = LaunchScreen.storyboard; path = Base.lproj/LaunchScreen.storyboard; sourceTree = "<group>"; };
		INFOPLIST_REF /* Info.plist */ = {isa = PBXFileReference; lastKnownFileType = text.plist.xml; path = Info.plist; sourceTree = "<group>"; };
		PRODUCT_REF /* WebViewBrowser.app */ = {isa = PBXFileReference; explicitFileType = wrapper.application; includeInIndex = 0; path = WebViewBrowser.app; sourceTree = BUILT_PRODUCTS_DIR; };
		APPPROXY_PROVIDER_REF /* AppProxyProvider.swift */ = {isa = PBXFileReference; lastKnownFileType = sourcecode.swift; path = AppProxyProvider.swift; sourceTree = "<group>"; };
		APPPROXY_INFO_REF /* Info.plist */ = {isa = PBXFileReference; lastKnownFileType = text.plist.xml; path = Info.plist; sourceTree = "<group>"; };
		APPPROXY_ENTITLEMENTS_REF /* AppProxyExtension.entitlements */ = {isa = PBXFileReference; lastKnownFileType = text.plist.entitlements; path = AppProxyExtension.entitlements; sourceTree = "<group>"; };
		MAIN_ENTITLEMENTS_REF /* WebViewBrowser.entitlements */ = {isa = PBXFileReference; lastKnownFileType = text.plist.entitlements; path = WebViewBrowser.entitlements; sourceTree = "<group>"; };
		APPPROXY_PRODUCT_REF /* AppProxyExtension.appex */ = {isa = PBXFileReference; explicitFileType = "wrapper.app-extension"; includeInIndex = 0; path = AppProxyExtension.appex; sourceTree = BUILT_PRODUCTS_DIR; };
/* End PBXFileReference section */

/* Begin PBXFrameworksBuildPhase section */
		FRAMEWORKS_PHASE_ID /* Frameworks */ = {
			isa = PBXFrameworksBuildPhase;
			buildActionMask = 2147483647;
			files = (
			);
			runOnlyForDeploymentPostprocessing = 0;
		};
APPPROXY_FRAMEWORKS /* Frameworks */ = {
			isa = PBXFrameworksBuildPhase;
			buildActionMask = 2147483647;
			files = (
			);
			runOnlyForDeploymentPostprocessing = 0;
		};
/* End PBXFrameworksBuildPhase section */

/* Begin PBXGroup section */
		MAINGROUP_ID = {
			isa = PBXGroup;
			children = (
				SOURCESGROUP_ID /* WebViewBrowser */,
				PRODUCTSGROUP_ID /* Products */,
			);
			sourceTree = "<group>";
		};
		SOURCESGROUP_ID /* WebViewBrowser */ = {
			isa = PBXGroup;
			children = (
				APPDELEGATE_REF /* AppDelegate.swift */,
				DOWNLOADMANAGER_REF /* DownloadManager.swift */,
				DOWNLOADPANEL_REF /* DownloadPanelViewController.swift */,
				FOURLEVELCACHE_REF /* FourLevelCache.swift */,
				THIRDPARTY_REF /* ThirdPartyLoginManager.swift */,
				SCENEDELEGATE_REF /* SceneDelegate.swift */,
				VIEWCONTROLLER_REF /* ViewController.swift */,
				ASSETS_REF /* Assets.xcassets */,
				LAUNCHSCREEN_REF /* LaunchScreen.storyboard */,
				INFOPLIST_REF /* Info.plist */,
			);
			path = WebViewBrowser;
			sourceTree = "<group>";
		};
		PRODUCTSGROUP_ID /* Products */ = {
			isa = PBXGroup;
			children = (
				PRODUCT_REF /* WebViewBrowser.app */,
				APPPROXY_PRODUCT_REF /* AppProxyExtension.appex */,
			);
			name = Products;
			sourceTree = "<group>";
		};
/* End PBXGroup section */

/* Begin PBXNativeTarget section */
		NATIVETARGET_ID /* WebViewBrowser */ = {
			isa = PBXNativeTarget;
			buildConfigurationList = TARGETCONFIGLIST_ID /* Build configuration list for PBXNativeTarget "WebViewBrowser" */;
			buildPhases = (
				SOURCES_PHASE_ID /* Sources */,
				FRAMEWORKS_PHASE_ID /* Frameworks */,
				RESOURCES_PHASE_ID /* Resources */,
				EMBED_APP_EXTENSIONS /* Embed App Extensions */,
			);
			buildRules = (
			);
			dependencies = (
				APPPROXY_DEPENDENCY /* PBXTargetDependency */,
			);
			name = WebViewBrowser;
			productName = WebViewBrowser;
			productReference = PRODUCT_REF /* WebViewBrowser.app */;
			productType = "com.apple.product-type.application";
		};
APPPROXY_TARGET /* AppProxyExtension */ = {
			isa = PBXNativeTarget;
			buildConfigurationList = APPPROXY_CONFIG_LIST /* Build configuration list for PBXNativeTarget "AppProxyExtension" */;
			buildPhases = (
				APPPROXY_SOURCES /* Sources */,
				APPPROXY_FRAMEWORKS /* Frameworks */,
			);
			buildRules = (
			);
			dependencies = (
			);
			name = AppProxyExtension;
			productName = AppProxyExtension;
			productReference = APPPROXY_PRODUCT_REF /* AppProxyExtension.appex */;
			productType = "com.apple.product-type.app-extension";
		};
/* End PBXNativeTarget section */

/* Begin PBXProject section */
		PROJECT_ID /* Project object */ = {
			isa = PBXProject;
			attributes = {
				BuildIndependentTargetsInParallel = 1;
				LastSwiftUpdateCheck = 1500;
				LastUpgradeCheck = 1500;
				TargetAttributes = {
					NATIVETARGET_ID = {
						CreatedOnToolsVersion = 15.0;
					};
				};
			};
			buildConfigurationList = PROJECTCONFIGLIST_ID /* Build configuration list for PBXProject "WebViewBrowser" */;
			compatibilityVersion = "Xcode 14.0";
			developmentRegion = en;
			hasScannedForEncodings = 0;
			knownRegions = (
				en,
				Base,
			);
			mainGroup = MAINGROUP_ID;
			productRefGroup = PRODUCTSGROUP_ID /* Products */;
			projectDirPath = "";
			projectRoot = "";
			targets = (
				NATIVETARGET_ID /* WebViewBrowser */,
			);
		};
/* End PBXProject section */

/* Begin PBXResourcesBuildPhase section */
		RESOURCES_PHASE_ID /* Resources */ = {
			isa = PBXResourcesBuildPhase;
			buildActionMask = 2147483647;
			files = (
				ASSETS_ID /* Assets.xcassets in Resources */,
				LAUNCHSCREEN_ID /* LaunchScreen.storyboard in Resources */,
			);
			runOnlyForDeploymentPostprocessing = 0;
		};
/* End PBXResourcesBuildPhase section */

/* Begin PBXSourcesBuildPhase section */
		SOURCES_PHASE_ID /* Sources */ = {
			isa = PBXSourcesBuildPhase;
			buildActionMask = 2147483647;
			files = (
				APPDELEGATE_ID /* AppDelegate.swift in Sources */,
				DOWNLOADMANAGER_ID /* DownloadManager.swift in Sources */,
				DOWNLOADPANEL_ID /* DownloadPanelViewController.swift in Sources */,
				FOURLEVELCACHE_ID /* FourLevelCache.swift in Sources */,
				THIRDPARTY_ID /* ThirdPartyLoginManager.swift in Sources */,
				SCENEDELEGATE_ID /* SceneDelegate.swift in Sources */,
				VIEWCONTROLLER_ID /* ViewController.swift in Sources */,
			);
			runOnlyForDeploymentPostprocessing = 0;
		};
APPPROXY_SOURCES /* Sources */ = {
			isa = PBXSourcesBuildPhase;
			buildActionMask = 2147483647;
			files = (
				APPPROXY_PROVIDER_BUILD /* AppProxyProvider.swift in Sources */,
			);
			runOnlyForDeploymentPostprocessing = 0;
		};
/* End PBXSourcesBuildPhase section */

/* Begin XCBuildConfiguration section */
		DEBUG_PROJECT_CONFIG /* Debug */ = {
			isa = XCBuildConfiguration;
			buildSettings = {
				ALWAYS_SEARCH_USER_PATHS = NO;
				CLANG_ANALYZER_NONNULL = YES;
				CLANG_ANALYZER_NUMBER_OBJECT_CONVERSION = YES_AGGRESSIVE;
				CLANG_CXX_LANGUAGE_STANDARD = "gnu++20";
				CLANG_ENABLE_MODULES = YES;
				CLANG_ENABLE_OBJC_ARC = YES;
				CLANG_ENABLE_OBJC_WEAK = YES;
				CLANG_WARN_BLOCK_CAPTURE_AUTORELEASING = YES;
				CLANG_WARN_BOOL_CONVERSION = YES;
				CLANG_WARN_COMMA = YES;
				CLANG_WARN_CONSTANT_CONVERSION = YES;
				CLANG_WARN_DEPRECATED_OBJC_IMPLEMENTATIONS = YES;
				CLANG_WARN_DIRECT_OBJC_ISA_USAGE = YES_ERROR;
				CLANG_WARN_DOCUMENTATION_COMMENTS = YES;
				CLANG_WARN_EMPTY_BODY = YES;
				CLANG_WARN_ENUM_CONVERSION = YES;
				CLANG_WARN_INFINITE_RECURSION = YES;
				CLANG_WARN_INT_CONVERSION = YES;
				CLANG_WARN_NON_LITERAL_NULL_CONVERSION = YES;
				CLANG_WARN_OBJC_IMPLICIT_RETAIN_SELF = YES;
				CLANG_WARN_OBJC_LITERAL_CONVERSION = YES;
				CLANG_WARN_OBJC_ROOT_CLASS = YES_ERROR;
				CLANG_WARN_QUOTED_INCLUDE_IN_FRAMEWORK_HEADER = YES;
				CLANG_WARN_RANGE_LOOP_ANALYSIS = YES;
				CLANG_WARN_STRICT_PROTOTYPES = YES;
				CLANG_WARN_SUSPICIOUS_MOVE = YES;
				CLANG_WARN_UNGUARDED_AVAILABILITY = YES_AGGRESSIVE;
				CLANG_WARN_UNREACHABLE_CODE = YES;
				CLANG_WARN__DUPLICATE_METHOD_MATCH = YES;
				COPY_PHASE_STRIP = NO;
				DEBUG_INFORMATION_FORMAT = dwarf;
				ENABLE_STRICT_OBJC_MSGSEND = YES;
				ENABLE_TESTABILITY = YES;
				ENABLE_USER_SCRIPT_SANDBOXING = YES;
				GCC_C_LANGUAGE_STANDARD = gnu17;
				GCC_DYNAMIC_NO_PIC = NO;
				GCC_NO_COMMON_BLOCKS = YES;
				GCC_OPTIMIZATION_LEVEL = 0;
				GCC_PREPROCESSOR_DEFINITIONS = (
					"DEBUG=1",
					"$(inherited)",
				);
				GCC_WARN_64_TO_32_BIT_CONVERSION = YES;
				GCC_WARN_ABOUT_RETURN_TYPE = YES_ERROR;
				GCC_WARN_UNDECLARED_SELECTOR = YES;
				GCC_WARN_UNINITIALIZED_AUTOS = YES_AGGRESSIVE;
				GCC_WARN_UNUSED_FUNCTION = YES;
				GCC_WARN_UNUSED_VARIABLE = YES;
				IPHONEOS_DEPLOYMENT_TARGET = 15.0;
				MTL_ENABLE_DEBUG_INFO = INCLUDE_SOURCE;
				MTL_FAST_MATH = YES;
				ONLY_ACTIVE_ARCH = YES;
				SDKROOT = iphoneos;
				SWIFT_ACTIVE_COMPILATION_CONDITIONS = "DEBUG $(inherited)";
				SWIFT_OPTIMIZATION_LEVEL = "-Onone";
			};
			name = Debug;
		};
		RELEASE_PROJECT_CONFIG /* Release */ = {
			isa = XCBuildConfiguration;
			buildSettings = {
				ALWAYS_SEARCH_USER_PATHS = NO;
				CLANG_ANALYZER_NONNULL = YES;
				CLANG_ANALYZER_NUMBER_OBJECT_CONVERSION = YES_AGGRESSIVE;
				CLANG_CXX_LANGUAGE_STANDARD = "gnu++20";
				CLANG_ENABLE_MODULES = YES;
				CLANG_ENABLE_OBJC_ARC = YES;
				CLANG_ENABLE_OBJC_WEAK = YES;
				CLANG_WARN_BLOCK_CAPTURE_AUTORELEASING = YES;
				CLANG_WARN_BOOL_CONVERSION = YES;
				CLANG_WARN_COMMA = YES;
				CLANG_WARN_CONSTANT_CONVERSION = YES;
				CLANG_WARN_DEPRECATED_OBJC_IMPLEMENTATIONS = YES;
				CLANG_WARN_DIRECT_OBJC_ISA_USAGE = YES_ERROR;
				CLANG_WARN_DOCUMENTATION_COMMENTS = YES;
				CLANG_WARN_EMPTY_BODY = YES;
				CLANG_WARN_ENUM_CONVERSION = YES;
				CLANG_WARN_INFINITE_RECURSION = YES;
				CLANG_WARN_INT_CONVERSION = YES;
				CLANG_WARN_NON_LITERAL_NULL_CONVERSION = YES;
				CLANG_WARN_OBJC_IMPLICIT_RETAIN_SELF = YES;
				CLANG_WARN_OBJC_LITERAL_CONVERSION = YES;
				CLANG_WARN_OBJC_ROOT_CLASS = YES_ERROR;
				CLANG_WARN_QUOTED_INCLUDE_IN_FRAMEWORK_HEADER = YES;
				CLANG_WARN_RANGE_LOOP_ANALYSIS = YES;
				CLANG_WARN_STRICT_PROTOTYPES = YES;
				CLANG_WARN_SUSPICIOUS_MOVE = YES;
				CLANG_WARN_UNGUARDED_AVAILABILITY = YES_AGGRESSIVE;
				CLANG_WARN_UNREACHABLE_CODE = YES;
				CLANG_WARN__DUPLICATE_METHOD_MATCH = YES;
				COPY_PHASE_STRIP = NO;
				DEBUG_INFORMATION_FORMAT = "dwarf-with-dsym";
				ENABLE_NS_ASSERTIONS = NO;
				ENABLE_STRICT_OBJC_MSGSEND = YES;
				ENABLE_USER_SCRIPT_SANDBOXING = YES;
				GCC_C_LANGUAGE_STANDARD = gnu17;
				GCC_NO_COMMON_BLOCKS = YES;
				GCC_WARN_64_TO_32_BIT_CONVERSION = YES;
				GCC_WARN_ABOUT_RETURN_TYPE = YES_ERROR;
				GCC_WARN_UNDECLARED_SELECTOR = YES;
				GCC_WARN_UNINITIALIZED_AUTOS = YES_AGGRESSIVE;
				GCC_WARN_UNUSED_FUNCTION = YES;
				GCC_WARN_UNUSED_VARIABLE = YES;
				IPHONEOS_DEPLOYMENT_TARGET = 15.0;
				MTL_ENABLE_DEBUG_INFO = NO;
				MTL_FAST_MATH = YES;
				SDKROOT = iphoneos;
				SWIFT_COMPILATION_MODE = wholemodule;
				VALIDATE_PRODUCT = YES;
			};
			name = Release;
		};
		DEBUG_TARGET_CONFIG /* Debug */ = {
			isa = XCBuildConfiguration;
			buildSettings = {
				ASSETCATALOG_COMPILER_APPICON_NAME = AppIcon;
				ASSETCATALOG_COMPILER_GLOBAL_ACCENT_COLOR_NAME = AccentColor;
				CODE_SIGN_STYLE = Automatic;
				CURRENT_PROJECT_VERSION = 1;
				GENERATE_INFOPLIST_FILE = NO;
				INFOPLIST_FILE = WebViewBrowser/Info.plist;
				INFOPLIST_KEY_UIApplicationSceneManifest_Generation = YES;
				INFOPLIST_KEY_UIApplicationSupportsIndirectInputEvents = YES;
				INFOPLIST_KEY_UILaunchScreen_Generation = NO;
				INFOPLIST_KEY_UISupportedInterfaceOrientations_iPad = "UIInterfaceOrientationPortrait UIInterfaceOrientationPortraitUpsideDown UIInterfaceOrientationLandscapeLeft UIInterfaceOrientationLandscapeRight";
				INFOPLIST_KEY_UISupportedInterfaceOrientations_iPhone = "UIInterfaceOrientationPortrait";
				LD_RUNPATH_SEARCH_PATHS = (
					"$(inherited)",
					"@executable_path/Frameworks",
				);
				MARKETING_VERSION = 1.0;
				PRODUCT_BUNDLE_IDENTIFIER = com.example.WebViewBrowser;
				PRODUCT_NAME = "$(TARGET_NAME)";
				SWIFT_EMIT_LOC_STRINGS = YES;
				SWIFT_VERSION = 5.0;
				TARGETED_DEVICE_FAMILY = "1,2";
			};
			name = Debug;
		};
		RELEASE_TARGET_CONFIG /* Release */ = {
			isa = XCBuildConfiguration;
			buildSettings = {
				ASSETCATALOG_COMPILER_APPICON_NAME = AppIcon;
				ASSETCATALOG_COMPILER_GLOBAL_ACCENT_COLOR_NAME = AccentColor;
				CODE_SIGN_STYLE = Automatic;
				CURRENT_PROJECT_VERSION = 1;
				GENERATE_INFOPLIST_FILE = NO;
				INFOPLIST_FILE = WebViewBrowser/Info.plist;
				INFOPLIST_KEY_UIApplicationSceneManifest_Generation = YES;
				INFOPLIST_KEY_UIApplicationSupportsIndirectInputEvents = YES;
				INFOPLIST_KEY_UILaunchScreen_Generation = NO;
				INFOPLIST_KEY_UISupportedInterfaceOrientations_iPad = "UIInterfaceOrientationPortrait UIInterfaceOrientationPortraitUpsideDown UIInterfaceOrientationLandscapeLeft UIInterfaceOrientationLandscapeRight";
				INFOPLIST_KEY_UISupportedInterfaceOrientations_iPhone = "UIInterfaceOrientationPortrait";
				LD_RUNPATH_SEARCH_PATHS = (
					"$(inherited)",
					"@executable_path/Frameworks",
				);
				MARKETING_VERSION = 1.0;
				PRODUCT_BUNDLE_IDENTIFIER = com.example.WebViewBrowser;
				PRODUCT_NAME = "$(TARGET_NAME)";
				SWIFT_EMIT_LOC_STRINGS = YES;
				SWIFT_VERSION = 5.0;
				TARGETED_DEVICE_FAMILY = "1,2";
			};
			name = Release;
		};
APPPROXY_DEBUG /* Debug */ = {
			isa = XCBuildConfiguration;
			buildSettings = {
				CODE_SIGN_ENTITLEMENTS = AppProxyExtension/AppProxyExtension.entitlements;
				CODE_SIGN_STYLE = Automatic;
				CURRENT_PROJECT_VERSION = 13.9;
				GENERATE_INFOPLIST_FILE = NO;
				INFOPLIST_FILE = AppProxyExtension/Info.plist;
				IPHONEOS_DEPLOYMENT_TARGET = 15.0;
				LD_RUNPATH_SEARCH_PATHS = (
					"$(inherited)",
					"@executable_path/Frameworks",
					"@executable_path/../../Frameworks",
				);
				MARKETING_VERSION = 13.9;
				PRODUCT_BUNDLE_IDENTIFIER = com.lambret.webplus.AppProxyExtension;
				PRODUCT_NAME = "$(TARGET_NAME)";
				SKIP_INSTALL = YES;
				SWIFT_VERSION = 5.0;
				TARGETED_DEVICE_FAMILY = "1,2";
			};
			name = Debug;
		};
		APPPROXY_RELEASE /* Release */ = {
			isa = XCBuildConfiguration;
			buildSettings = {
				CODE_SIGN_ENTITLEMENTS = AppProxyExtension/AppProxyExtension.entitlements;
				CODE_SIGN_STYLE = Automatic;
				CURRENT_PROJECT_VERSION = 13.9;
				GENERATE_INFOPLIST_FILE = NO;
				INFOPLIST_FILE = AppProxyExtension/Info.plist;
				IPHONEOS_DEPLOYMENT_TARGET = 15.0;
				LD_RUNPATH_SEARCH_PATHS = (
					"$(inherited)",
					"@executable_path/Frameworks",
					"@executable_path/../../Frameworks",
				);
				MARKETING_VERSION = 13.9;
				PRODUCT_BUNDLE_IDENTIFIER = com.lambret.webplus.AppProxyExtension;
				PRODUCT_NAME = "$(TARGET_NAME)";
				SKIP_INSTALL = YES;
				SWIFT_VERSION = 5.0;
				TARGETED_DEVICE_FAMILY = "1,2";
			};
			name = Release;
		};
/* End XCBuildConfiguration section */

/* Begin XCConfigurationList section */
		PROJECTCONFIGLIST_ID /* Build configuration list for PBXProject "WebViewBrowser" */ = {
			isa = XCConfigurationList;
			buildConfigurations = (
				DEBUG_PROJECT_CONFIG /* Debug */,
				RELEASE_PROJECT_CONFIG /* Release */,
			);
			defaultConfigurationIsVisible = 0;
			defaultConfigurationName = Release;
		};
		TARGETCONFIGLIST_ID /* Build configuration list for PBXNativeTarget "WebViewBrowser" */ = {
			isa = XCConfigurationList;
			buildConfigurations = (
				DEBUG_TARGET_CONFIG /* Debug */,
				RELEASE_TARGET_CONFIG /* Release */,
			);
			defaultConfigurationIsVisible = 0;
			defaultConfigurationName = Release;
		};
APPPROXY_CONFIG_LIST /* Build configuration list for PBXNativeTarget "AppProxyExtension" */ = {
			isa = XCConfigurationList;
			buildConfigurations = (
				APPPROXY_DEBUG /* Debug */,
				APPPROXY_RELEASE /* Release */,
			);
			defaultConfigurationIsVisible = 0;
			defaultConfigurationName = Release;
		};
/* End XCConfigurationList section */
	};
	rootObject = PROJECT_ID /* Project object */;
}
